
Microsoft Visual Studio Solution File, Format Version 12.00
# Visual Studio 14
VisualStudioVersion = 14.0.25420.1
MinimumVisualStudioVersion = 10.0.40219.1
Project("{FAE04EC0-301F-11D3-BF4B-00C04F79EFBC}") = "WishlistManager", "WishlistManager\WishlistManager.csproj", "{0CB8C345-843B-4D1C-AEAB-457453C98BDA}"
EndProject
Project("{FAE04EC0-301F-11D3-BF4B-00C04F79EFBC}") = "WishlistManager.Tests", "WishlistManager.Tests\WishlistManager.Tests.csproj", "{2062BDCA-2D90-43B8-B53F-DC0F00706ADF}"
EndProject
Global
	GlobalSection(SolutionConfigurationPlatforms) = preSolution
		Debug|Any CPU = Debug|Any CPU
		Release|Any CPU = Release|Any CPU
	EndGlobalSection
	GlobalSection(ProjectConfigurationPlatforms) = postSolution
		{0CB8C345-843B-4D1C-AEAB-457453C98BDA}.Debug|Any CPU.ActiveCfg = Debug|Any CPU
		{0CB8C345-843B-4D1C-AEAB-457453C98BDA}.Debug|Any CPU.Build.0 = Debug|Any CPU
		{0CB8C345-843B-4D1C-AEAB-457453C98BDA}.Release|Any CPU.ActiveCfg = Release|Any CPU
		{0CB8C345-843B-4D1C-AEAB-457453C98BDA}.Release|Any CPU.Build.0 = Release|Any CPU
		{2062BDCA-2D90-43B8-B53F-DC0F00706ADF}.Debug|Any CPU.ActiveCfg = Debug|Any CPU
		{2062BDCA-2D90-43B8-B53F-DC0F00706ADF}.Debug|Any CPU.Build.0 = Debug|Any CPU
		{2062BDCA-2D90-43B8-B53F-DC0F00706ADF}.Release|Any CPU.ActiveCfg = Release|Any CPU
		{2062BDCA-2D90-43B8-B53F-DC0F00706ADF}.Release|Any CPU.Build.0 = Release|Any CPU
	EndGlobalSection
	GlobalSection(SolutionProperties) = preSolution
		HideSolutionNode = FALSE
	EndGlobalSection
EndGlobal
